// !$*UTF8*$!
{
	archiveVersion = 1;
	classes = {
	};
	objectVersion = 55;
	objects = {

/* Begin PBXBuildFile section */
		D45FCF2128B81C3B00FA907E /* AppDelegate.swift in Sources */ = {isa = PBXBuildFile; fileRef = D45FCF2028B81C3B00FA907E /* AppDelegate.swift */; };
		D45FCF2328B81C3B00FA907E /* SceneDelegate.swift in Sources */ = {isa = PBXBuildFile; fileRef = D45FCF2228B81C3B00FA907E /* SceneDelegate.swift */; };
		D45FCF2528B81C3B00FA907E /* MainViewController.swift in Sources */ = {isa = PBXBuildFile; fileRef = D45FCF2428B81C3B00FA907E /* MainViewController.swift */; };
		D45FCF2828B81C3B00FA907E /* Main.storyboard in Resources */ = {isa = PBXBuildFile; fileRef = D45FCF2628B81C3B00FA907E /* Main.storyboard */; };
		D45FCF2A28B81C3E00FA907E /* Assets.xcassets in Resources */ = {isa = PBXBuildFile; fileRef = D45FCF2928B81C3E00FA907E /* Assets.xcassets */; };
		D45FCF2D28B81C3E00FA907E /* LaunchScreen.storyboard in Resources */ = {isa = PBXBuildFile; fileRef = D45FCF2B28B81C3E00FA907E /* LaunchScreen.storyboard */; };
		D45FCF3528B81DB800FA907E /* PortraitViewController.swift in Sources */ = {isa = PBXBuildFile; fileRef = D45FCF3428B81DB800FA907E /* PortraitViewController.swift */; };
		D45FCF3728B849E700FA907E /* FinalController.swift in Sources */ = {isa = PBXBuildFile; fileRef = D45FCF3628B849E700FA907E /* FinalController.swift */; };
		D4666D5828BE9FBC00E0F12C /* FormSheetViewController.swift in Sources */ = {isa = PBXBuildFile; fileRef = D4666D5728BE9FBC00E0F12C /* FormSheetViewController.swift */; };
/* End PBXBuildFile section */

/* Begin PBXFileReference section */
		D45FCF1D28B81C3B00FA907E /* CrappyRotation.app */ = {isa = PBXFileReference; explicitFileType = wrapper.application; includeInIndex = 0; path = CrappyRotation.app; sourceTree = BUILT_PRODUCTS_DIR; };
		D45FCF2028B81C3B00FA907E /* AppDelegate.swift */ = {isa = PBXFileReference; lastKnownFileType = sourcecode.swift; path = AppDelegate.swift; sourceTree = "<group>"; };
		D45FCF2228B81C3B00FA907E /* SceneDelegate.swift */ = {isa = PBXFileReference; lastKnownFileType = sourcecode.swift; path = SceneDelegate.swift; sourceTree = "<group>"; };
		D45FCF2428B81C3B00FA907E /* MainViewController.swift */ = {isa = PBXFileReference; lastKnownFileType = sourcecode.swift; path = MainViewController.swift; sourceTree = "<group>"; };
		D45FCF2728B81C3B00FA907E /* Base */ = {isa = PBXFileReference; lastKnownFileType = file.storyboard; name = Base; path = Base.lproj/Main.storyboard; sourceTree = "<group>"; };
		D45FCF2928B81C3E00FA907E /* Assets.xcassets */ = {isa = PBXFileReference; lastKnownFileType = folder.assetcatalog; path = Assets.xcassets; sourceTree = "<group>"; };
		D45FCF2C28B81C3E00FA907E /* Base */ = {isa = PBXFileReference; lastKnownFileType = file.storyboard; name = Base; path = Base.lproj/LaunchScreen.storyboard; sourceTree = "<group>"; };
		D45FCF2E28B81C3E00FA907E /* Info.plist */ = {isa = PBXFileReference; lastKnownFileType = text.plist.xml; path = Info.plist; sourceTree = "<group>"; };
		D45FCF3428B81DB800FA907E /* PortraitViewController.swift */ = {isa = PBXFileReference; lastKnownFileType = sourcecode.swift; path = PortraitViewController.swift; sourceTree = "<group>"; };
		D45FCF3628B849E700FA907E /* FinalController.swift */ = {isa = PBXFileReference; lastKnownFileType = sourcecode.swift; path = FinalController.swift; sourceTree = "<group>"; };
		D4666D5728BE9FBC00E0F12C /* FormSheetViewController.swift */ = {isa = PBXFileReference; lastKnownFileType = sourcecode.swift; path = FormSheetViewController.swift; sourceTree = "<group>"; };
/* End PBXFileReference section */

/* Begin PBXFrameworksBuildPhase section */
		D45FCF1A28B81C3B00FA907E /* Frameworks */ = {
			isa = PBXFrameworksBuildPhase;
			buildActionMask = 2147483647;
			files = (
			);
			runOnlyForDeploymentPostprocessing = 0;
		};
/* End PBXFrameworksBuildPhase section */

/* Begin PBXGroup section */
		D45FCF1428B81C3B00FA907E = {
			isa = PBXGroup;
			children = (
				D45FCF1F28B81C3B00FA907E /* CrappyRotation */,
				D45FCF1E28B81C3B00FA907E /* Products */,
			);
			sourceTree = "<group>";
		};
		D45FCF1E28B81C3B00FA907E /* Products */ = {
			isa = PBXGroup;
			children = (
				D45FCF1D28B81C3B00FA907E /* CrappyRotation.app */,
			);
			name = Products;
			sourceTree = "<group>";
		};
		D45FCF1F28B81C3B00FA907E /* CrappyRotation */ = {
			isa = PBXGroup;
			children = (
				D45FCF2028B81C3B00FA907E /* AppDelegate.swift */,
				D45FCF2228B81C3B00FA907E /* SceneDelegate.swift */,
				D45FCF2428B81C3B00FA907E /* MainViewController.swift */,
				D4666D5728BE9FBC00E0F12C /* FormSheetViewController.swift */,
				D45FCF3428B81DB800FA907E /* PortraitViewController.swift */,
				D45FCF3628B849E700FA907E /* FinalController.swift */,
				D45FCF2628B81C3B00FA907E /* Main.storyboard */,
				D45FCF2928B81C3E00FA907E /* Assets.xcassets */,
				D45FCF2B28B81C3E00FA907E /* LaunchScreen.storyboard */,
				D45FCF2E28B81C3E00FA907E /* Info.plist */,
			);
			path = CrappyRotation;
			sourceTree = "<group>";
		};
/* End PBXGroup section */

/* Begin PBXNativeTarget section */
		D45FCF1C28B81C3B00FA907E /* CrappyRotation */ = {
			isa = PBXNativeTarget;
			buildConfigurationList = D45FCF3128B81C3E00FA907E /* Build configuration list for PBXNativeTarget "CrappyRotation" */;
			buildPhases = (
				D45FCF1928B81C3B00FA907E /* Sources */,
				D45FCF1A28B81C3B00FA907E /* Frameworks */,
				D45FCF1B28B81C3B00FA907E /* Resources */,
			);
			buildRules = (
			);
			dependencies = (
			);
			name = CrappyRotation;
			productName = CrappyRotation;
			productReference = D45FCF1D28B81C3B00FA907E /* CrappyRotation.app */;
			productType = "com.apple.product-type.application";
		};
/* End PBXNativeTarget section */

/* Begin PBXProject section */
		D45FCF1528B81C3B00FA907E /* Project object */ = {
			isa = PBXProject;
			attributes = {
				BuildIndependentTargetsInParallel = 1;
				LastSwiftUpdateCheck = 1340;
				LastUpgradeCheck = 1340;
				TargetAttributes = {
					D45FCF1C28B81C3B00FA907E = {
						CreatedOnToolsVersion = 13.4.1;
					};
				};
			};
			buildConfigurationList = D45FCF1828B81C3B00FA907E /* Build configuration list for PBXProject "CrappyRotation" */;
			compatibilityVersion = "Xcode 13.0";
			developmentRegion = en;
			hasScannedForEncodings = 0;
			knownRegions = (
				en,
				Base,
			);
			mainGroup = D45FCF1428B81C3B00FA907E;
			productRefGroup = D45FCF1E28B81C3B00FA907E /* Products */;
			projectDirPath = "";
			projectRoot = "";
			targets = (
				D45FCF1C28B81C3B00FA907E /* CrappyRotation */,
			);
		};
/* End PBXProject section */

/* Begin PBXResourcesBuildPhase section */
		D45FCF1B28B81C3B00FA907E /* Resources */ = {
			isa = PBXResourcesBuildPhase;
			buildActionMask = 2147483647;
			files = (
				D45FCF2D28B81C3E00FA907E /* LaunchScreen.storyboard in Resources */,
				D45FCF2A28B81C3E00FA907E /* Assets.xcassets in Resources */,
				D45FCF2828B81C3B00FA907E /* Main.storyboard in Resources */,
			);
			runOnlyForDeploymentPostprocessing = 0;
		};
/* End PBXResourcesBuildPhase section */

/* Begin PBXSourcesBuildPhase section */
		D45FCF1928B81C3B00FA907E /* Sources */ = {
			isa = PBXSourcesBuildPhase;
			buildActionMask = 2147483647;
			files = (
				D45FCF3728B849E700FA907E /* FinalController.swift in Sources */,
				D45FCF2528B81C3B00FA907E /* MainViewController.swift in Sources */,
				D4666D5828BE9FBC00E0F12C /* FormSheetViewController.swift in Sources */,
				D45FCF3528B81DB800FA907E /* PortraitViewController.swift in Sources */,
				D45FCF2128B81C3B00FA907E /* AppDelegate.swift in Sources */,
				D45FCF2328B81C3B00FA907E /* SceneDelegate.swift in Sources */,
			);
			runOnlyForDeploymentPostprocessing = 0;
		};
/* End PBXSourcesBuildPhase section */

/* Begin PBXVariantGroup section */
		D45FCF2628B81C3B00FA907E /* Main.storyboard */ = {
			isa = PBXVariantGroup;
			children = (
				D45FCF2728B81C3B00FA907E /* Base */,
			);
			name = Main.storyboard;
			sourceTree = "<group>";
		};
		D45FCF2B28B81C3E00FA907E /* LaunchScreen.storyboard */ = {
			isa = PBXVariantGroup;
			children = (
				D45FCF2C28B81C3E00FA907E /* Base */,
			);
			name = LaunchScreen.storyboard;
			sourceTree = "<group>";
		};
/* End PBXVariantGroup section */

/* Begin XCBuildConfiguration section */
		D45FCF2F28B81C3E00FA907E /* Debug */ = {
			isa = XCBuildConfiguration;
			buildSettings = {
				ALWAYS_SEARCH_USER_PATHS = NO;
				CLANG_ANALYZER_NONNULL = YES;
				CLANG_ANALYZER_NUMBER_OBJECT_CONVERSION = YES_AGGRESSIVE;
				CLANG_CXX_LANGUAGE_STANDARD = "gnu++17";
				CLANG_ENABLE_MODULES = YES;
				CLANG_ENABLE_OBJC_ARC = YES;
				CLANG_ENABLE_OBJC_WEAK = YES;
				CLANG_WARN_BLOCK_CAPTURE_AUTORELEASING = YES;
				CLANG_WARN_BOOL_CONVERSION = YES;
				CLANG_WARN_COMMA = YES;
				CLANG_WARN_CONSTANT_CONVERSION = YES;
				CLANG_WARN_DEPRECATED_OBJC_IMPLEMENTATIONS = YES;
				CLANG_WARN_DIRECT_OBJC_ISA_USAGE = YES_ERROR;
				CLANG_WARN_DOCUMENTATION_COMMENTS = YES;
				CLANG_WARN_EMPTY_BODY = YES;
				CLANG_WARN_ENUM_CONVERSION = YES;
				CLANG_WARN_INFINITE_RECURSION = YES;
				CLANG_WARN_INT_CONVERSION = YES;
				CLANG_WARN_NON_LITERAL_NULL_CONVERSION = YES;
				CLANG_WARN_OBJC_IMPLICIT_RETAIN_SELF = YES;
				CLANG_WARN_OBJC_LITERAL_CONVERSION = YES;
				CLANG_WARN_OBJC_ROOT_CLASS = YES_ERROR;
				CLANG_WARN_QUOTED_INCLUDE_IN_FRAMEWORK_HEADER = YES;
				CLANG_WARN_RANGE_LOOP_ANALYSIS = YES;
				CLANG_WARN_STRICT_PROTOTYPES = YES;
				CLANG_WARN_SUSPICIOUS_MOVE = YES;
				CLANG_WARN_UNGUARDED_AVAILABILITY = YES_AGGRESSIVE;
				CLANG_WARN_UNREACHABLE_CODE = YES;
				CLANG_WARN__DUPLICATE_METHOD_MATCH = YES;
				COPY_PHASE_STRIP = NO;
				DEBUG_INFORMATION_FORMAT = dwarf;
				ENABLE_STRICT_OBJC_MSGSEND = YES;
				ENABLE_TESTABILITY = YES;
				GCC_C_LANGUAGE_STANDARD = gnu11;
				GCC_DYNAMIC_NO_PIC = NO;
				GCC_NO_COMMON_BLOCKS = YES;
				GCC_OPTIMIZATION_LEVEL = 0;
				GCC_PREPROCESSOR_DEFINITIONS = (
					"DEBUG=1",
					"$(inherited)",
				);
				GCC_WARN_64_TO_32_BIT_CONVERSION = YES;
				GCC_WARN_ABOUT_RETURN_TYPE = YES_ERROR;
				GCC_WARN_UNDECLARED_SELECTOR = YES;
				GCC_WARN_UNINITIALIZED_AUTOS = YES_AGGRESSIVE;
				GCC_WARN_UNUSED_FUNCTION = YES;
				GCC_WARN_UNUSED_VARIABLE = YES;
				IPHONEOS_DEPLOYMENT_TARGET = 15.5;
				MTL_ENABLE_DEBUG_INFO = INCLUDE_SOURCE;
				MTL_FAST_MATH = YES;
				ONLY_ACTIVE_ARCH = YES;
				SDKROOT = iphoneos;
				SWIFT_ACTIVE_COMPILATION_CONDITIONS = DEBUG;
				SWIFT_OPTIMIZATION_LEVEL = "-Onone";
			};
			name = Debug;
		};
		D45FCF3028B81C3E00FA907E /* Release */ = {
			isa = XCBuildConfiguration;
			buildSettings = {
				ALWAYS_SEARCH_USER_PATHS = NO;
				CLANG_ANALYZER_NONNULL = YES;
				CLANG_ANALYZER_NUMBER_OBJECT_CONVERSION = YES_AGGRESSIVE;
				CLANG_CXX_LANGUAGE_STANDARD = "gnu++17";
				CLANG_ENABLE_MODULES = YES;
				CLANG_ENABLE_OBJC_ARC = YES;
				CLANG_ENABLE_OBJC_WEAK = YES;
				CLANG_WARN_BLOCK_CAPTURE_AUTORELEASING = YES;
				CLANG_WARN_BOOL_CONVERSION = YES;
				CLANG_WARN_COMMA = YES;
				CLANG_WARN_CONSTANT_CONVERSION = YES;
				CLANG_WARN_DEPRECATED_OBJC_IMPLEMENTATIONS = YES;
				CLANG_WARN_DIRECT_OBJC_ISA_USAGE = YES_ERROR;
				CLANG_WARN_DOCUMENTATION_COMMENTS = YES;
				CLANG_WARN_EMPTY_BODY = YES;
				CLANG_WARN_ENUM_CONVERSION = YES;
				CLANG_WARN_INFINITE_RECURSION = YES;
				CLANG_WARN_INT_CONVERSION = YES;
				CLANG_WARN_NON_LITERAL_NULL_CONVERSION = YES;
				CLANG_WARN_OBJC_IMPLICIT_RETAIN_SELF = YES;
				CLANG_WARN_OBJC_LITERAL_CONVERSION = YES;
				CLANG_WARN_OBJC_ROOT_CLASS = YES_ERROR;
				CLANG_WARN_QUOTED_INCLUDE_IN_FRAMEWORK_HEADER = YES;
				CLANG_WARN_RANGE_LOOP_ANALYSIS = YES;
				CLANG_WARN_STRICT_PROTOTYPES = YES;
				CLANG_WARN_SUSPICIOUS_MOVE = YES;
				CLANG_WARN_UNGUARDED_AVAILABILITY = YES_AGGRESSIVE;
				CLANG_WARN_UNREACHABLE_CODE = YES;
				CLANG_WARN__DUPLICATE_METHOD_MATCH = YES;
				COPY_PHASE_STRIP = NO;
				DEBUG_INFORMATION_FORMAT = "dwarf-with-dsym";
				ENABLE_NS_ASSERTIONS = NO;
				ENABLE_STRICT_OBJC_MSGSEND = YES;
				GCC_C_LANGUAGE_STANDARD = gnu11;
				GCC_NO_COMMON_BLOCKS = YES;
				GCC_WARN_64_TO_32_BIT_CONVERSION = YES;
				GCC_WARN_ABOUT_RETURN_TYPE = YES_ERROR;
				GCC_WARN_UNDECLARED_SELECTOR = YES;
				GCC_WARN_UNINITIALIZED_AUTOS = YES_AGGRESSIVE;
				GCC_WARN_UNUSED_FUNCTION = YES;
				GCC_WARN_UNUSED_VARIABLE = YES;
				IPHONEOS_DEPLOYMENT_TARGET = 15.5;
				MTL_ENABLE_DEBUG_INFO = NO;
				MTL_FAST_MATH = YES;
				SDKROOT = iphoneos;
				SWIFT_COMPILATION_MODE = wholemodule;
				SWIFT_OPTIMIZATION_LEVEL = "-O";
				VALIDATE_PRODUCT = YES;
			};
			name = Release;
		};
		D45FCF3228B81C3E00FA907E /* Debug */ = {
			isa = XCBuildConfiguration;
			buildSettings = {
				ASSETCATALOG_COMPILER_APPICON_NAME = AppIcon;
				ASSETCATALOG_COMPILER_GLOBAL_ACCENT_COLOR_NAME = AccentColor;
				CODE_SIGN_STYLE = Automatic;
				CURRENT_PROJECT_VERSION = 1;
				DEVELOPMENT_TEAM = 735DJ4QUX6;
				GENERATE_INFOPLIST_FILE = YES;
				INFOPLIST_FILE = CrappyRotation/Info.plist;
				INFOPLIST_KEY_UIApplicationSupportsIndirectInputEvents = YES;
				INFOPLIST_KEY_UILaunchStoryboardName = LaunchScreen;
				INFOPLIST_KEY_UIMainStoryboardFile = Main;
				INFOPLIST_KEY_UISupportedInterfaceOrientations_iPad = "UIInterfaceOrientationPortrait UIInterfaceOrientationPortraitUpsideDown UIInterfaceOrientationLandscapeLeft UIInterfaceOrientationLandscapeRight";
				INFOPLIST_KEY_UISupportedInterfaceOrientations_iPhone = "UIInterfaceOrientationPortrait UIInterfaceOrientationLandscapeLeft UIInterfaceOrientationLandscapeRight";
				IPHONEOS_DEPLOYMENT_TARGET = 13.0;
				LD_RUNPATH_SEARCH_PATHS = (
					"$(inherited)",
					"@executable_path/Frameworks",
				);
				MARKETING_VERSION = 1.0;
				PRODUCT_BUNDLE_IDENTIFIER = com.crabtree.rob.CrappyRotation;
				PRODUCT_NAME = "$(TARGET_NAME)";
				SWIFT_EMIT_LOC_STRINGS = YES;
				SWIFT_VERSION = 5.0;
				TARGETED_DEVICE_FAMILY = "1,2";
			};
			name = Debug;
		};
		D45FCF3328B81C3E00FA907E /* Release */ = {
			isa = XCBuildConfiguration;
			buildSettings = {
				ASSETCATALOG_COMPILER_APPICON_NAME = AppIcon;
				ASSETCATALOG_COMPILER_GLOBAL_ACCENT_COLOR_NAME = AccentColor;
				CODE_SIGN_STYLE = Automatic;
				CURRENT_PROJECT_VERSION = 1;
				DEVELOPMENT_TEAM = 735DJ4QUX6;
				GENERATE_INFOPLIST_FILE = YES;
				INFOPLIST_FILE = CrappyRotation/Info.plist;
				INFOPLIST_KEY_UIApplicationSupportsIndirectInputEvents = YES;
				INFOPLIST_KEY_UILaunchStoryboardName = LaunchScreen;
				INFOPLIST_KEY_UIMainStoryboardFile = Main;
				INFOPLIST_KEY_UISupportedInterfaceOrientations_iPad = "UIInterfaceOrientationPortrait UIInterfaceOrientationPortraitUpsideDown UIInterfaceOrientationLandscapeLeft UIInterfaceOrientationLandscapeRight";
				INFOPLIST_KEY_UISupportedInterfaceOrientations_iPhone = "UIInterfaceOrientationPortrait UIInterfaceOrientationLandscapeLeft UIInterfaceOrientationLandscapeRight";
				IPHONEOS_DEPLOYMENT_TARGET = 13.0;
				LD_RUNPATH_SEARCH_PATHS = (
					"$(inherited)",
					"@executable_path/Frameworks",
				);
				MARKETING_VERSION = 1.0;
				PRODUCT_BUNDLE_IDENTIFIER = com.crabtree.rob.CrappyRotation;
				PRODUCT_NAME = "$(TARGET_NAME)";
				SWIFT_EMIT_LOC_STRINGS = YES;
				SWIFT_VERSION = 5.0;
				TARGETED_DEVICE_FAMILY = "1,2";
			};
			name = Release;
		};
/* End XCBuildConfiguration section */

/* Begin XCConfigurationList section */
		D45FCF1828B81C3B00FA907E /* Build configuration list for PBXProject "CrappyRotation" */ = {
			isa = XCConfigurationList;
			buildConfigurations = (
				D45FCF2F28B81C3E00FA907E /* Debug */,
				D45FCF3028B81C3E00FA907E /* Release */,
			);
			defaultConfigurationIsVisible = 0;
			defaultConfigurationName = Release;
		};
		D45FCF3128B81C3E00FA907E /* Build configuration list for PBXNativeTarget "CrappyRotation" */ = {
			isa = XCConfigurationList;
			buildConfigurations = (
				D45FCF3228B81C3E00FA907E /* Debug */,
				D45FCF3328B81C3E00FA907E /* Release */,
			);
			defaultConfigurationIsVisible = 0;
			defaultConfigurationName = Release;
		};
/* End XCConfigurationList section */
	};
	rootObject = D45FCF1528B81C3B00FA907E /* Project object */;
}
